
Microsoft Visual Studio Solution File, Format Version 12.00
# Visual Studio Version 17
VisualStudioVersion = 17.7.34024.191
MinimumVisualStudioVersion = 10.0.40219.1
Project("{9A19103F-16F7-4668-BE54-9A1E7A4F7556}") = "OtusHW.Tasks", "OtusHW.Task\OtusHW.Tasks.csproj", "{4967DB70-A7D0-401A-A1BF-7D2BF881D82A}"
EndProject
Project("{9A19103F-16F7-4668-BE54-9A1E7A4F7556}") = "ClassLibrary", "ImageDownloader\ClassLibrary.csproj", "{600CA9B3-2880-44A3-86B9-1EE0AEF8056D}"
EndProject
Global
	GlobalSection(SolutionConfigurationPlatforms) = preSolution
		Debug|Any CPU = Debug|Any CPU
		Release|Any CPU = Release|Any CPU
	EndGlobalSection
	GlobalSection(ProjectConfigurationPlatforms) = postSolution
		{4967DB70-A7D0-401A-A1BF-7D2BF881D82A}.Debug|Any CPU.ActiveCfg = Debug|Any CPU
		{4967DB70-A7D0-401A-A1BF-7D2BF881D82A}.Debug|Any CPU.Build.0 = Debug|Any CPU
		{4967DB70-A7D0-401A-A1BF-7D2BF881D82A}.Release|Any CPU.ActiveCfg = Release|Any CPU
		{4967DB70-A7D0-401A-A1BF-7D2BF881D82A}.Release|Any CPU.Build.0 = Release|Any CPU
		{600CA9B3-2880-44A3-86B9-1EE0AEF8056D}.Debug|Any CPU.ActiveCfg = Debug|Any CPU
		{600CA9B3-2880-44A3-86B9-1EE0AEF8056D}.Debug|Any CPU.Build.0 = Debug|Any CPU
		{600CA9B3-2880-44A3-86B9-1EE0AEF8056D}.Release|Any CPU.ActiveCfg = Release|Any CPU
		{600CA9B3-2880-44A3-86B9-1EE0AEF8056D}.Release|Any CPU.Build.0 = Release|Any CPU
	EndGlobalSection
	GlobalSection(SolutionProperties) = preSolution
		HideSolutionNode = FALSE
	EndGlobalSection
	GlobalSection(ExtensibilityGlobals) = postSolution
		SolutionGuid = {7E15960C-94F2-4DF9-B883-577E3C60855E}
	EndGlobalSection
EndGlobal
